{
  "version": 4,
  "terraform_version": "1.0.4",
  "serial": 4,
  "lineage": "3baa6b77-be85-149e-d652-19ab3104c295",
  "outputs": {
    "webapp_ips": {
      "value": "52.167.87.84,52.177.141.128,52.177.248.131,52.177.248.174,52.177.250.68,52.177.250.154,20.49.97.16",
      "type": "string"
    },
    "webapp_url": {
      "value": "proj2appserv.azurewebsites.net",
      "type": "string"
    }
  },
  "resources": [
    {
      "mode": "managed",
      "type": "azurerm_app_service",
      "name": "app_service",
      "provider": "provider[\"registry.terraform.io/hashicorp/azurerm\"]",
      "instances": [
        {
          "schema_version": 0,
          "attributes": {
            "app_service_plan_id": "/subscriptions/b9a6d48b-4f2f-4e69-9e09-9509d0128548/resourceGroups/Proj2_MyApp_rg/providers/Microsoft.Web/serverfarms/poj2applan",
            "app_settings": {
              "WEBSITE_NODE_DEFAULT_VERSION": "6.9.1"
            },
            "auth_settings": [
              {
                "active_directory": [],
                "additional_login_params": {},
                "allowed_external_redirect_urls": [],
                "default_provider": "",
                "enabled": false,
                "facebook": [],
                "google": [],
                "issuer": "",
                "microsoft": [],
                "runtime_version": "",
                "token_refresh_extension_hours": 0,
                "token_store_enabled": false,
                "twitter": [],
                "unauthenticated_client_action": ""
              }
            ],
            "backup": [],
            "client_affinity_enabled": false,
            "client_cert_enabled": false,
            "connection_string": [],
            "custom_domain_verification_id": "4153C05992899A2CA4EBB5195F356C5A978F0FF6271530130C55F13163286FCB",
            "default_site_hostname": "proj2appserv.azurewebsites.net",
            "enabled": true,
            "https_only": false,
            "id": "/subscriptions/b9a6d48b-4f2f-4e69-9e09-9509d0128548/resourceGroups/Proj2_MyApp_rg/providers/Microsoft.Web/sites/proj2appserv",
            "identity": [],
            "location": "eastus2",
            "logs": [
              {
                "application_logs": [
                  {
                    "azure_blob_storage": [],
                    "file_system_level": "Off"
                  }
                ],
                "detailed_error_messages_enabled": false,
                "failed_request_tracing_enabled": false,
                "http_logs": [
                  {
                    "azure_blob_storage": [],
                    "file_system": []
                  }
                ]
              }
            ],
            "name": "proj2appserv",
            "outbound_ip_address_list": [
              "52.167.87.84",
              "52.177.141.128",
              "52.177.248.131",
              "52.177.248.174",
              "52.177.250.68",
              "52.177.250.154",
              "20.49.97.16"
            ],
            "outbound_ip_addresses": "52.167.87.84,52.177.141.128,52.177.248.131,52.177.248.174,52.177.250.68,52.177.250.154,20.49.97.16",
            "possible_outbound_ip_address_list": [
              "52.167.87.84",
              "52.177.141.128",
              "52.177.248.131",
              "52.177.248.174",
              "52.177.250.68",
              "52.177.250.154",
              "52.177.253.61",
              "52.177.253.99",
              "52.177.254.221",
              "40.70.172.223",
              "52.177.255.56",
              "52.184.208.121",
              "52.177.253.203",
              "52.184.208.159",
              "52.184.209.224",
              "52.184.210.243",
              "20.44.74.192",
              "52.232.209.222",
              "40.65.243.183",
              "40.65.244.39",
              "52.138.109.125",
              "52.167.26.174",
              "20.62.85.112",
              "20.62.86.95",
              "20.62.86.166",
              "20.62.86.187",
              "20.62.87.225",
              "20.72.65.34",
              "20.72.65.42",
              "20.72.65.113",
              "20.49.97.16"
            ],
            "possible_outbound_ip_addresses": "52.167.87.84,52.177.141.128,52.177.248.131,52.177.248.174,52.177.250.68,52.177.250.154,52.177.253.61,52.177.253.99,52.177.254.221,40.70.172.223,52.177.255.56,52.184.208.121,52.177.253.203,52.184.208.159,52.184.209.224,52.184.210.243,20.44.74.192,52.232.209.222,40.65.243.183,40.65.244.39,52.138.109.125,52.167.26.174,20.62.85.112,20.62.86.95,20.62.86.166,20.62.86.187,20.62.87.225,20.72.65.34,20.72.65.42,20.72.65.113,20.49.97.16",
            "resource_group_name": "Proj2_MyApp_rg",
            "site_config": [
              {
                "acr_use_managed_identity_credentials": false,
                "acr_user_managed_identity_client_id": "",
                "always_on": false,
                "app_command_line": "",
                "auto_swap_slot_name": "",
                "cors": [],
                "default_documents": [
                  "Default.htm",
                  "Default.html",
                  "Default.asp",
                  "index.htm",
                  "index.html",
                  "iisstart.htm",
                  "default.aspx",
                  "index.php",
                  "hostingstart.html"
                ],
                "dotnet_framework_version": "v4.0",
                "ftps_state": "AllAllowed",
                "health_check_path": "",
                "http2_enabled": false,
                "ip_restriction": [],
                "java_container": "",
                "java_container_version": "",
                "java_version": "",
                "linux_fx_version": "",
                "local_mysql_enabled": false,
                "managed_pipeline_mode": "Integrated",
                "min_tls_version": "1.2",
                "number_of_workers": 1,
                "php_version": "5.6",
                "python_version": "",
                "remote_debugging_enabled": false,
                "remote_debugging_version": "",
                "scm_ip_restriction": [],
                "scm_type": "None",
                "scm_use_main_ip_restriction": false,
                "use_32_bit_worker_process": true,
                "websockets_enabled": false,
                "windows_fx_version": ""
              }
            ],
            "site_credential": [
              {
                "password": "CiukwCoB1ij9qWtyQv9EqcJHz1nWTz381EjWn7SfkqHCtCqZetNvmCKw8Dqg",
                "username": "$proj2appserv"
              }
            ],
            "source_control": [
              {
                "branch": "master",
                "manual_integration": false,
                "repo_url": "",
                "rollback_enabled": false,
                "use_mercurial": false
              }
            ],
            "storage_account": [],
            "tags": null,
            "timeouts": null
          },
          "sensitive_attributes": [],
          "private": "eyJlMmJmYjczMC1lY2FhLTExZTYtOGY4OC0zNDM2M2JjN2M0YzAiOnsiY3JlYXRlIjoxODAwMDAwMDAwMDAwLCJkZWxldGUiOjE4MDAwMDAwMDAwMDAsInJlYWQiOjMwMDAwMDAwMDAwMCwidXBkYXRlIjoxODAwMDAwMDAwMDAwfX0=",
          "dependencies": [
            "azurerm_app_service_plan.app_plan",
            "azurerm_resource_group.rg"
          ]
        }
      ]
    },
    {
      "mode": "managed",
      "type": "azurerm_app_service_plan",
      "name": "app_plan",
      "provider": "provider[\"registry.terraform.io/hashicorp/azurerm\"]",
      "instances": [
        {
          "schema_version": 0,
          "attributes": {
            "app_service_environment_id": "",
            "id": "/subscriptions/b9a6d48b-4f2f-4e69-9e09-9509d0128548/resourceGroups/Proj2_MyApp_rg/providers/Microsoft.Web/serverfarms/poj2applan",
            "is_xenon": false,
            "kind": "Windows",
            "location": "eastus2",
            "maximum_elastic_worker_count": 1,
            "maximum_number_of_workers": 10,
            "name": "poj2applan",
            "per_site_scaling": false,
            "reserved": false,
            "resource_group_name": "Proj2_MyApp_rg",
            "sku": [
              {
                "capacity": 1,
                "size": "S1",
                "tier": "Standard"
              }
            ],
            "tags": null,
            "timeouts": null
          },
          "sensitive_attributes": [],
          "private": "eyJlMmJmYjczMC1lY2FhLTExZTYtOGY4OC0zNDM2M2JjN2M0YzAiOnsiY3JlYXRlIjozNjAwMDAwMDAwMDAwLCJkZWxldGUiOjM2MDAwMDAwMDAwMDAsInJlYWQiOjMwMDAwMDAwMDAwMCwidXBkYXRlIjozNjAwMDAwMDAwMDAwfX0=",
          "dependencies": [
            "azurerm_resource_group.rg"
          ]
        }
      ]
    },
    {
      "mode": "managed",
      "type": "azurerm_resource_group",
      "name": "rg",
      "provider": "provider[\"registry.terraform.io/hashicorp/azurerm\"]",
      "instances": [
        {
          "schema_version": 0,
          "attributes": {
            "id": "/subscriptions/b9a6d48b-4f2f-4e69-9e09-9509d0128548/resourceGroups/Proj2_MyApp_rg",
            "location": "eastus2",
            "name": "Proj2_MyApp_rg",
            "tags": null,
            "timeouts": null
          },
          "sensitive_attributes": [],
          "private": "eyJlMmJmYjczMC1lY2FhLTExZTYtOGY4OC0zNDM2M2JjN2M0YzAiOnsiY3JlYXRlIjo1NDAwMDAwMDAwMDAwLCJkZWxldGUiOjU0MDAwMDAwMDAwMDAsInJlYWQiOjMwMDAwMDAwMDAwMCwidXBkYXRlIjo1NDAwMDAwMDAwMDAwfX0="
        }
      ]
    }
  ]
}
